
Microsoft Visual Studio Solution File, Format Version 12.00
# Visual Studio Version 17
VisualStudioVersion = 17.6.33829.357
MinimumVisualStudioVersion = 10.0.40219.1
Project("{FAE04EC0-301F-11D3-BF4B-00C04F79EFBC}") = "Real Estate Application", "Real Estate Application\Real Estate Application.csproj", "{9121035A-B8D6-4705-8FE4-8C076E862C37}"
EndProject
Global
	GlobalSection(SolutionConfigurationPlatforms) = preSolution
		Debug|Any CPU = Debug|Any CPU
		Release|Any CPU = Release|Any CPU
	EndGlobalSection
	GlobalSection(ProjectConfigurationPlatforms) = postSolution
		{9121035A-B8D6-4705-8FE4-8C076E862C37}.Debug|Any CPU.ActiveCfg = Debug|Any CPU
		{9121035A-B8D6-4705-8FE4-8C076E862C37}.Debug|Any CPU.Build.0 = Debug|Any CPU
		{9121035A-B8D6-4705-8FE4-8C076E862C37}.Release|Any CPU.ActiveCfg = Release|Any CPU
		{9121035A-B8D6-4705-8FE4-8C076E862C37}.Release|Any CPU.Build.0 = Release|Any CPU
	EndGlobalSection
	GlobalSection(SolutionProperties) = preSolution
		HideSolutionNode = FALSE
	EndGlobalSection
	GlobalSection(ExtensibilityGlobals) = postSolution
		SolutionGuid = {52A365FC-89AE-4572-BE21-7BDABC1A7CF8}
	EndGlobalSection
EndGlobal
